// !$*UTF8*$!
{
	archiveVersion = 1;
	classes = {
	};
	objectVersion = 46;
	objects = {

/* Begin PBXBuildFile section */
		A5977C7614ACD3C900D7EC0D /* UIKit.framework in Frameworks */ = {isa = PBXBuildFile; fileRef = A5977C7514ACD3C900D7EC0D /* UIKit.framework */; };
		A5977C7814ACD3C900D7EC0D /* Foundation.framework in Frameworks */ = {isa = PBXBuildFile; fileRef = A5977C7714ACD3C900D7EC0D /* Foundation.framework */; };
		A5977C7E14ACD3C900D7EC0D /* InfoPlist.strings in Resources */ = {isa = PBXBuildFile; fileRef = A5977C7C14ACD3C900D7EC0D /* InfoPlist.strings */; };
		A5977C8014ACD3C900D7EC0D /* main.m in Sources */ = {isa = PBXBuildFile; fileRef = A5977C7F14ACD3C900D7EC0D /* main.m */; };
		A5977C8414ACD3C900D7EC0D /* AppDelegate.m in Sources */ = {isa = PBXBuildFile; fileRef = A5977C8314ACD3C900D7EC0D /* AppDelegate.m */; };
		A5977C8714ACD3C900D7EC0D /* ViewController.m in Sources */ = {isa = PBXBuildFile; fileRef = A5977C8614ACD3C900D7EC0D /* ViewController.m */; };
		A5977C8A14ACD3C900D7EC0D /* ViewController.xib in Resources */ = {isa = PBXBuildFile; fileRef = A5977C8814ACD3C900D7EC0D /* ViewController.xib */; };
		A5977C9114ACDCA400D7EC0D /* CoreGraphics.framework in Frameworks */ = {isa = PBXBuildFile; fileRef = A5977C9014ACDCA400D7EC0D /* CoreGraphics.framework */; };
/* End PBXBuildFile section */

/* Begin PBXFileReference section */
		A5977C7114ACD3C800D7EC0D /* TestingImageDrawing.app */ = {isa = PBXFileReference; explicitFileType = wrapper.application; includeInIndex = 0; path = TestingImageDrawing.app; sourceTree = BUILT_PRODUCTS_DIR; };
		A5977C7514ACD3C900D7EC0D /* UIKit.framework */ = {isa = PBXFileReference; lastKnownFileType = wrapper.framework; name = UIKit.framework; path = System/Library/Frameworks/UIKit.framework; sourceTree = SDKROOT; };
		A5977C7714ACD3C900D7EC0D /* Foundation.framework */ = {isa = PBXFileReference; lastKnownFileType = wrapper.framework; name = Foundation.framework; path = System/Library/Frameworks/Foundation.framework; sourceTree = SDKROOT; };
		A5977C7B14ACD3C900D7EC0D /* TestingImageDrawing-Info.plist */ = {isa = PBXFileReference; lastKnownFileType = text.plist.xml; path = "TestingImageDrawing-Info.plist"; sourceTree = "<group>"; };
		A5977C7D14ACD3C900D7EC0D /* en */ = {isa = PBXFileReference; lastKnownFileType = text.plist.strings; name = en; path = en.lproj/InfoPlist.strings; sourceTree = "<group>"; };
		A5977C7F14ACD3C900D7EC0D /* main.m */ = {isa = PBXFileReference; lastKnownFileType = sourcecode.c.objc; path = main.m; sourceTree = "<group>"; };
		A5977C8114ACD3C900D7EC0D /* TestingImageDrawing-Prefix.pch */ = {isa = PBXFileReference; lastKnownFileType = sourcecode.c.h; path = "TestingImageDrawing-Prefix.pch"; sourceTree = "<group>"; };
		A5977C8214ACD3C900D7EC0D /* AppDelegate.h */ = {isa = PBXFileReference; lastKnownFileType = sourcecode.c.h; path = AppDelegate.h; sourceTree = "<group>"; };
		A5977C8314ACD3C900D7EC0D /* AppDelegate.m */ = {isa = PBXFileReference; lastKnownFileType = sourcecode.c.objc; path = AppDelegate.m; sourceTree = "<group>"; };
		A5977C8514ACD3C900D7EC0D /* ViewController.h */ = {isa = PBXFileReference; lastKnownFileType = sourcecode.c.h; path = ViewController.h; sourceTree = "<group>"; };
		A5977C8614ACD3C900D7EC0D /* ViewController.m */ = {isa = PBXFileReference; lastKnownFileType = sourcecode.c.objc; path = ViewController.m; sourceTree = "<group>"; };
		A5977C8914ACD3C900D7EC0D /* en */ = {isa = PBXFileReference; lastKnownFileType = file.xib; name = en; path = en.lproj/ViewController.xib; sourceTree = "<group>"; };
		A5977C9014ACDCA400D7EC0D /* CoreGraphics.framework */ = {isa = PBXFileReference; lastKnownFileType = wrapper.framework; name = CoreGraphics.framework; path = System/Library/Frameworks/CoreGraphics.framework; sourceTree = SDKROOT; };
/* End PBXFileReference section */

/* Begin PBXFrameworksBuildPhase section */
		A5977C6E14ACD3C800D7EC0D /* Frameworks */ = {
			isa = PBXFrameworksBuildPhase;
			buildActionMask = 2147483647;
			files = (
				A5977C9114ACDCA400D7EC0D /* CoreGraphics.framework in Frameworks */,
				A5977C7614ACD3C900D7EC0D /* UIKit.framework in Frameworks */,
				A5977C7814ACD3C900D7EC0D /* Foundation.framework in Frameworks */,
			);
			runOnlyForDeploymentPostprocessing = 0;
		};
/* End PBXFrameworksBuildPhase section */

/* Begin PBXGroup section */
		A5977C6614ACD3C800D7EC0D = {
			isa = PBXGroup;
			children = (
				A5977C9014ACDCA400D7EC0D /* CoreGraphics.framework */,
				A5977C7914ACD3C900D7EC0D /* TestingImageDrawing */,
				A5977C7414ACD3C900D7EC0D /* Frameworks */,
				A5977C7214ACD3C800D7EC0D /* Products */,
			);
			sourceTree = "<group>";
		};
		A5977C7214ACD3C800D7EC0D /* Products */ = {
			isa = PBXGroup;
			children = (
				A5977C7114ACD3C800D7EC0D /* TestingImageDrawing.app */,
			);
			name = Products;
			sourceTree = "<group>";
		};
		A5977C7414ACD3C900D7EC0D /* Frameworks */ = {
			isa = PBXGroup;
			children = (
				A5977C7514ACD3C900D7EC0D /* UIKit.framework */,
				A5977C7714ACD3C900D7EC0D /* Foundation.framework */,
			);
			name = Frameworks;
			sourceTree = "<group>";
		};
		A5977C7914ACD3C900D7EC0D /* TestingImageDrawing */ = {
			isa = PBXGroup;
			children = (
				A5977C8214ACD3C900D7EC0D /* AppDelegate.h */,
				A5977C8314ACD3C900D7EC0D /* AppDelegate.m */,
				A5977C8514ACD3C900D7EC0D /* ViewController.h */,
				A5977C8614ACD3C900D7EC0D /* ViewController.m */,
				A5977C8814ACD3C900D7EC0D /* ViewController.xib */,
				A5977C7A14ACD3C900D7EC0D /* Supporting Files */,
			);
			path = TestingImageDrawing;
			sourceTree = "<group>";
		};
		A5977C7A14ACD3C900D7EC0D /* Supporting Files */ = {
			isa = PBXGroup;
			children = (
				A5977C7B14ACD3C900D7EC0D /* TestingImageDrawing-Info.plist */,
				A5977C7C14ACD3C900D7EC0D /* InfoPlist.strings */,
				A5977C7F14ACD3C900D7EC0D /* main.m */,
				A5977C8114ACD3C900D7EC0D /* TestingImageDrawing-Prefix.pch */,
			);
			name = "Supporting Files";
			sourceTree = "<group>";
		};
/* End PBXGroup section */

/* Begin PBXNativeTarget section */
		A5977C7014ACD3C800D7EC0D /* TestingImageDrawing */ = {
			isa = PBXNativeTarget;
			buildConfigurationList = A5977C8D14ACD3C900D7EC0D /* Build configuration list for PBXNativeTarget "TestingImageDrawing" */;
			buildPhases = (
				A5977C6D14ACD3C800D7EC0D /* Sources */,
				A5977C6E14ACD3C800D7EC0D /* Frameworks */,
				A5977C6F14ACD3C800D7EC0D /* Resources */,
			);
			buildRules = (
			);
			dependencies = (
			);
			name = TestingImageDrawing;
			productName = TestingImageDrawing;
			productReference = A5977C7114ACD3C800D7EC0D /* TestingImageDrawing.app */;
			productType = "com.apple.product-type.application";
		};
/* End PBXNativeTarget section */

/* Begin PBXProject section */
		A5977C6814ACD3C800D7EC0D /* Project object */ = {
			isa = PBXProject;
			attributes = {
				LastUpgradeCheck = 0420;
				ORGANIZATIONNAME = "OTP Banka Zemun";
			};
			buildConfigurationList = A5977C6B14ACD3C800D7EC0D /* Build configuration list for PBXProject "TestingImageDrawing" */;
			compatibilityVersion = "Xcode 3.2";
			developmentRegion = English;
			hasScannedForEncodings = 0;
			knownRegions = (
				en,
			);
			mainGroup = A5977C6614ACD3C800D7EC0D;
			productRefGroup = A5977C7214ACD3C800D7EC0D /* Products */;
			projectDirPath = "";
			projectRoot = "";
			targets = (
				A5977C7014ACD3C800D7EC0D /* TestingImageDrawing */,
			);
		};
/* End PBXProject section */

/* Begin PBXResourcesBuildPhase section */
		A5977C6F14ACD3C800D7EC0D /* Resources */ = {
			isa = PBXResourcesBuildPhase;
			buildActionMask = 2147483647;
			files = (
				A5977C7E14ACD3C900D7EC0D /* InfoPlist.strings in Resources */,
				A5977C8A14ACD3C900D7EC0D /* ViewController.xib in Resources */,
			);
			runOnlyForDeploymentPostprocessing = 0;
		};
/* End PBXResourcesBuildPhase section */

/* Begin PBXSourcesBuildPhase section */
		A5977C6D14ACD3C800D7EC0D /* Sources */ = {
			isa = PBXSourcesBuildPhase;
			buildActionMask = 2147483647;
			files = (
				A5977C8014ACD3C900D7EC0D /* main.m in Sources */,
				A5977C8414ACD3C900D7EC0D /* AppDelegate.m in Sources */,
				A5977C8714ACD3C900D7EC0D /* ViewController.m in Sources */,
			);
			runOnlyForDeploymentPostprocessing = 0;
		};
/* End PBXSourcesBuildPhase section */

/* Begin PBXVariantGroup section */
		A5977C7C14ACD3C900D7EC0D /* InfoPlist.strings */ = {
			isa = PBXVariantGroup;
			children = (
				A5977C7D14ACD3C900D7EC0D /* en */,
			);
			name = InfoPlist.strings;
			sourceTree = "<group>";
		};
		A5977C8814ACD3C900D7EC0D /* ViewController.xib */ = {
			isa = PBXVariantGroup;
			children = (
				A5977C8914ACD3C900D7EC0D /* en */,
			);
			name = ViewController.xib;
			sourceTree = "<group>";
		};
/* End PBXVariantGroup section */

/* Begin XCBuildConfiguration section */
		A5977C8B14ACD3C900D7EC0D /* Debug */ = {
			isa = XCBuildConfiguration;
			buildSettings = {
				ALWAYS_SEARCH_USER_PATHS = NO;
				ARCHS = "$(ARCHS_STANDARD_32_BIT)";
				CLANG_ENABLE_OBJC_ARC = YES;
				"CODE_SIGN_IDENTITY[sdk=iphoneos*]" = "iPhone Developer";
				COPY_PHASE_STRIP = NO;
				GCC_C_LANGUAGE_STANDARD = gnu99;
				GCC_DYNAMIC_NO_PIC = NO;
				GCC_OPTIMIZATION_LEVEL = 0;
				GCC_PREPROCESSOR_DEFINITIONS = (
					"DEBUG=1",
					"$(inherited)",
				);
				GCC_SYMBOLS_PRIVATE_EXTERN = NO;
				GCC_VERSION = com.apple.compilers.llvm.clang.1_0;
				GCC_WARN_ABOUT_MISSING_PROTOTYPES = YES;
				GCC_WARN_ABOUT_RETURN_TYPE = YES;
				GCC_WARN_UNUSED_VARIABLE = YES;
				IPHONEOS_DEPLOYMENT_TARGET = 5.0;
				SDKROOT = iphoneos;
			};
			name = Debug;
		};
		A5977C8C14ACD3C900D7EC0D /* Release */ = {
			isa = XCBuildConfiguration;
			buildSettings = {
				ALWAYS_SEARCH_USER_PATHS = NO;
				ARCHS = "$(ARCHS_STANDARD_32_BIT)";
				CLANG_ENABLE_OBJC_ARC = YES;
				"CODE_SIGN_IDENTITY[sdk=iphoneos*]" = "iPhone Developer";
				COPY_PHASE_STRIP = YES;
				GCC_C_LANGUAGE_STANDARD = gnu99;
				GCC_VERSION = com.apple.compilers.llvm.clang.1_0;
				GCC_WARN_ABOUT_MISSING_PROTOTYPES = YES;
				GCC_WARN_ABOUT_RETURN_TYPE = YES;
				GCC_WARN_UNUSED_VARIABLE = YES;
				IPHONEOS_DEPLOYMENT_TARGET = 5.0;
				OTHER_CFLAGS = "-DNS_BLOCK_ASSERTIONS=1";
				SDKROOT = iphoneos;
				VALIDATE_PRODUCT = YES;
			};
			name = Release;
		};
		A5977C8E14ACD3C900D7EC0D /* Debug */ = {
			isa = XCBuildConfiguration;
			buildSettings = {
				GCC_PRECOMPILE_PREFIX_HEADER = YES;
				GCC_PREFIX_HEADER = "TestingImageDrawing/TestingImageDrawing-Prefix.pch";
				INFOPLIST_FILE = "TestingImageDrawing/TestingImageDrawing-Info.plist";
				PRODUCT_NAME = "$(TARGET_NAME)";
				WRAPPER_EXTENSION = app;
			};
			name = Debug;
		};
		A5977C8F14ACD3C900D7EC0D /* Release */ = {
			isa = XCBuildConfiguration;
			buildSettings = {
				GCC_PRECOMPILE_PREFIX_HEADER = YES;
				GCC_PREFIX_HEADER = "TestingImageDrawing/TestingImageDrawing-Prefix.pch";
				INFOPLIST_FILE = "TestingImageDrawing/TestingImageDrawing-Info.plist";
				PRODUCT_NAME = "$(TARGET_NAME)";
				WRAPPER_EXTENSION = app;
			};
			name = Release;
		};
/* End XCBuildConfiguration section */

/* Begin XCConfigurationList section */
		A5977C6B14ACD3C800D7EC0D /* Build configuration list for PBXProject "TestingImageDrawing" */ = {
			isa = XCConfigurationList;
			buildConfigurations = (
				A5977C8B14ACD3C900D7EC0D /* Debug */,
				A5977C8C14ACD3C900D7EC0D /* Release */,
			);
			defaultConfigurationIsVisible = 0;
			defaultConfigurationName = Release;
		};
		A5977C8D14ACD3C900D7EC0D /* Build configuration list for PBXNativeTarget "TestingImageDrawing" */ = {
			isa = XCConfigurationList;
			buildConfigurations = (
				A5977C8E14ACD3C900D7EC0D /* Debug */,
				A5977C8F14ACD3C900D7EC0D /* Release */,
			);
			defaultConfigurationIsVisible = 0;
		};
/* End XCConfigurationList section */
	};
	rootObject = A5977C6814ACD3C800D7EC0D /* Project object */;
}
